
Microsoft Visual Studio Solution File, Format Version 12.00
# Visual Studio Version 16
VisualStudioVersion = 16.0.35731.53
MinimumVisualStudioVersion = 10.0.40219.1
Project("{FAE04EC0-301F-11D3-BF4B-00C04F79EFBC}") = "Secuencua binaria", "Secuencua binaria\Secuencua binaria.csproj", "{E4305F8B-A961-4EE1-96E7-DDFB0CA659DC}"
EndProject
Global
	GlobalSection(SolutionConfigurationPlatforms) = preSolution
		Debug|Any CPU = Debug|Any CPU
		Release|Any CPU = Release|Any CPU
	EndGlobalSection
	GlobalSection(ProjectConfigurationPlatforms) = postSolution
		{E4305F8B-A961-4EE1-96E7-DDFB0CA659DC}.Debug|Any CPU.ActiveCfg = Debug|Any CPU
		{E4305F8B-A961-4EE1-96E7-DDFB0CA659DC}.Debug|Any CPU.Build.0 = Debug|Any CPU
		{E4305F8B-A961-4EE1-96E7-DDFB0CA659DC}.Release|Any CPU.ActiveCfg = Release|Any CPU
		{E4305F8B-A961-4EE1-96E7-DDFB0CA659DC}.Release|Any CPU.Build.0 = Release|Any CPU
	EndGlobalSection
	GlobalSection(SolutionProperties) = preSolution
		HideSolutionNode = FALSE
	EndGlobalSection
	GlobalSection(ExtensibilityGlobals) = postSolution
		SolutionGuid = {CDF74D53-CF67-431D-8173-B662F533654E}
	EndGlobalSection
EndGlobal
